
Microsoft Visual Studio Solution File, Format Version 12.00
# Visual Studio Version 17
VisualStudioVersion = 17.10.35122.118
MinimumVisualStudioVersion = 10.0.40219.1
Project("{FAE04EC0-301F-11D3-BF4B-00C04F79EFBC}") = "TestUI", "TestUI\TestUI.csproj", "{70C67515-00E0-48E4-AF14-37349E117F81}"
EndProject
Global
	GlobalSection(SolutionConfigurationPlatforms) = preSolution
		Debug|Any CPU = Debug|Any CPU
		Release|Any CPU = Release|Any CPU
	EndGlobalSection
	GlobalSection(ProjectConfigurationPlatforms) = postSolution
		{70C67515-00E0-48E4-AF14-37349E117F81}.Debug|Any CPU.ActiveCfg = Debug|Any CPU
		{70C67515-00E0-48E4-AF14-37349E117F81}.Debug|Any CPU.Build.0 = Debug|Any CPU
		{70C67515-00E0-48E4-AF14-37349E117F81}.Release|Any CPU.ActiveCfg = Release|Any CPU
		{70C67515-00E0-48E4-AF14-37349E117F81}.Release|Any CPU.Build.0 = Release|Any CPU
	EndGlobalSection
	GlobalSection(SolutionProperties) = preSolution
		HideSolutionNode = FALSE
	EndGlobalSection
	GlobalSection(ExtensibilityGlobals) = postSolution
		SolutionGuid = {8E0A3014-2419-4CEC-9BF3-49F5FF028B7D}
	EndGlobalSection
EndGlobal
